
Microsoft Visual Studio Solution File, Format Version 12.00
# Visual Studio Version 17
VisualStudioVersion = 17.10.35027.167
MinimumVisualStudioVersion = 10.0.40219.1
Project("{FAE04EC0-301F-11D3-BF4B-00C04F79EFBC}") = "ShuntingYard", "ShuntingYard.csproj", "{96861EA7-77CF-4F92-8E82-93F8DCA72E6D}"
EndProject
Project("{FAE04EC0-301F-11D3-BF4B-00C04F79EFBC}") = "Tests", "..\Tests\Tests.csproj", "{14CC23F9-69BA-4B2C-A2E7-B86E90DBBBCE}"
EndProject
Project("{FAE04EC0-301F-11D3-BF4B-00C04F79EFBC}") = "ShuntingYardEvaluator", "..\ShuntingYardEvaluator\ShuntingYardEvaluator.csproj", "{84D16640-05D1-4F67-92DD-FCF5D8DACB94}"
EndProject
Global
	GlobalSection(SolutionConfigurationPlatforms) = preSolution
		Debug|Any CPU = Debug|Any CPU
		Release|Any CPU = Release|Any CPU
	EndGlobalSection
	GlobalSection(ProjectConfigurationPlatforms) = postSolution
		{96861EA7-77CF-4F92-8E82-93F8DCA72E6D}.Debug|Any CPU.ActiveCfg = Debug|Any CPU
		{96861EA7-77CF-4F92-8E82-93F8DCA72E6D}.Debug|Any CPU.Build.0 = Debug|Any CPU
		{96861EA7-77CF-4F92-8E82-93F8DCA72E6D}.Release|Any CPU.ActiveCfg = Release|Any CPU
		{96861EA7-77CF-4F92-8E82-93F8DCA72E6D}.Release|Any CPU.Build.0 = Release|Any CPU
		{14CC23F9-69BA-4B2C-A2E7-B86E90DBBBCE}.Debug|Any CPU.ActiveCfg = Debug|Any CPU
		{14CC23F9-69BA-4B2C-A2E7-B86E90DBBBCE}.Debug|Any CPU.Build.0 = Debug|Any CPU
		{14CC23F9-69BA-4B2C-A2E7-B86E90DBBBCE}.Release|Any CPU.ActiveCfg = Release|Any CPU
		{14CC23F9-69BA-4B2C-A2E7-B86E90DBBBCE}.Release|Any CPU.Build.0 = Release|Any CPU
		{84D16640-05D1-4F67-92DD-FCF5D8DACB94}.Debug|Any CPU.ActiveCfg = Debug|Any CPU
		{84D16640-05D1-4F67-92DD-FCF5D8DACB94}.Debug|Any CPU.Build.0 = Debug|Any CPU
		{84D16640-05D1-4F67-92DD-FCF5D8DACB94}.Release|Any CPU.ActiveCfg = Release|Any CPU
		{84D16640-05D1-4F67-92DD-FCF5D8DACB94}.Release|Any CPU.Build.0 = Release|Any CPU
	EndGlobalSection
	GlobalSection(SolutionProperties) = preSolution
		HideSolutionNode = FALSE
	EndGlobalSection
	GlobalSection(ExtensibilityGlobals) = postSolution
		SolutionGuid = {288BA752-1B78-4271-AA4E-FB636824D927}
	EndGlobalSection
EndGlobal
