
Microsoft Visual Studio Solution File, Format Version 12.00
# Visual Studio Version 17
VisualStudioVersion = 17.5.002.0
MinimumVisualStudioVersion = 10.0.40219.1
Project("{9A19103F-16F7-4668-BE54-9A1E7A4F7556}") = "ConsoleClient", "ConsoleClient\ConsoleClient.csproj", "{F2AA1563-E91A-47D7-81DE-293792BF6562}"
EndProject
Project("{9A19103F-16F7-4668-BE54-9A1E7A4F7556}") = "ShuntingYardEvaluator", "ShuntingYardEvaluator\ShuntingYardEvaluator.csproj", "{1DC0994C-9EFB-440E-8E50-B963C972E847}"
EndProject
Project("{9A19103F-16F7-4668-BE54-9A1E7A4F7556}") = "Tests", "Tests\Tests.csproj", "{CC160F49-6274-4E55-94A4-D62C8017E18A}"
EndProject
Global
	GlobalSection(SolutionConfigurationPlatforms) = preSolution
		Debug|Any CPU = Debug|Any CPU
		Release|Any CPU = Release|Any CPU
	EndGlobalSection
	GlobalSection(ProjectConfigurationPlatforms) = postSolution
		{F2AA1563-E91A-47D7-81DE-293792BF6562}.Debug|Any CPU.ActiveCfg = Debug|Any CPU
		{F2AA1563-E91A-47D7-81DE-293792BF6562}.Debug|Any CPU.Build.0 = Debug|Any CPU
		{F2AA1563-E91A-47D7-81DE-293792BF6562}.Release|Any CPU.ActiveCfg = Release|Any CPU
		{F2AA1563-E91A-47D7-81DE-293792BF6562}.Release|Any CPU.Build.0 = Release|Any CPU
		{1DC0994C-9EFB-440E-8E50-B963C972E847}.Debug|Any CPU.ActiveCfg = Debug|Any CPU
		{1DC0994C-9EFB-440E-8E50-B963C972E847}.Debug|Any CPU.Build.0 = Debug|Any CPU
		{1DC0994C-9EFB-440E-8E50-B963C972E847}.Release|Any CPU.ActiveCfg = Release|Any CPU
		{1DC0994C-9EFB-440E-8E50-B963C972E847}.Release|Any CPU.Build.0 = Release|Any CPU
		{CC160F49-6274-4E55-94A4-D62C8017E18A}.Debug|Any CPU.ActiveCfg = Debug|Any CPU
		{CC160F49-6274-4E55-94A4-D62C8017E18A}.Debug|Any CPU.Build.0 = Debug|Any CPU
		{CC160F49-6274-4E55-94A4-D62C8017E18A}.Release|Any CPU.ActiveCfg = Release|Any CPU
		{CC160F49-6274-4E55-94A4-D62C8017E18A}.Release|Any CPU.Build.0 = Release|Any CPU
	EndGlobalSection
	GlobalSection(SolutionProperties) = preSolution
		HideSolutionNode = FALSE
	EndGlobalSection
	GlobalSection(ExtensibilityGlobals) = postSolution
		SolutionGuid = {A4994BB4-3DBA-4F9A-92BE-0F462FA2D1EA}
	EndGlobalSection
EndGlobal
